
Microsoft Visual Studio Solution File, Format Version 12.00
# Visual Studio Version 16
VisualStudioVersion = 16.0.31911.196
MinimumVisualStudioVersion = 10.0.40219.1
Project("{FAE04EC0-301F-11D3-BF4B-00C04F79EFBC}") = "moyoAPI", "moyoAPI\moyoAPI.csproj", "{21DA327A-5AA4-4624-A4BD-E2AC8004AC30}"
EndProject
Global
	GlobalSection(SolutionConfigurationPlatforms) = preSolution
		Debug|Any CPU = Debug|Any CPU
		Release|Any CPU = Release|Any CPU
	EndGlobalSection
	GlobalSection(ProjectConfigurationPlatforms) = postSolution
		{21DA327A-5AA4-4624-A4BD-E2AC8004AC30}.Debug|Any CPU.ActiveCfg = Debug|Any CPU
		{21DA327A-5AA4-4624-A4BD-E2AC8004AC30}.Debug|Any CPU.Build.0 = Debug|Any CPU
		{21DA327A-5AA4-4624-A4BD-E2AC8004AC30}.Release|Any CPU.ActiveCfg = Release|Any CPU
		{21DA327A-5AA4-4624-A4BD-E2AC8004AC30}.Release|Any CPU.Build.0 = Release|Any CPU
	EndGlobalSection
	GlobalSection(SolutionProperties) = preSolution
		HideSolutionNode = FALSE
	EndGlobalSection
	GlobalSection(ExtensibilityGlobals) = postSolution
		SolutionGuid = {403EE23E-5FF2-4A85-97FA-C7A024097DC0}
	EndGlobalSection
EndGlobal
